
Microsoft Visual Studio Solution File, Format Version 12.00
# Visual Studio 15
VisualStudioVersion = 15.0.26403.7
MinimumVisualStudioVersion = 10.0.40219.1
Project("{FAE04EC0-301F-11D3-BF4B-00C04F79EFBC}") = "Service.Host", "Service.Host\Service.Host.csproj", "{6B93AEB0-EEAA-4205-9A2E-B9C53058000B}"
EndProject
Project("{FAE04EC0-301F-11D3-BF4B-00C04F79EFBC}") = "GerenciamentoCompras", "GerenciamentoCompras\GerenciamentoCompras.csproj", "{357C95AB-D89F-4C4A-A4F6-7E078DD5FD33}"
EndProject
Project("{FAE04EC0-301F-11D3-BF4B-00C04F79EFBC}") = "Loja.Domain", "Loja.Domain\Loja.Domain.csproj", "{0A616B52-D02A-4D22-B4A3-5D5B17B6B6FC}"
EndProject
Project("{FAE04EC0-301F-11D3-BF4B-00C04F79EFBC}") = "Loja.DAO", "Loja.DAO\Loja.DAO.csproj", "{034BC0EF-082D-4911-9E66-2B3AE78B61DC}"
EndProject
Project("{FAE04EC0-301F-11D3-BF4B-00C04F79EFBC}") = "DBStarter", "DBStarter\DBStarter.csproj", "{9D17871B-2168-48AF-893D-359B253F8AD1}"
EndProject
Project("{FAE04EC0-301F-11D3-BF4B-00C04F79EFBC}") = "Consumir", "Consumir\Consumir.csproj", "{4667D1BC-F4AD-447F-94E8-A387ED6CF033}"
	ProjectSection(ProjectDependencies) = postProject
		{4B5B094A-39C5-4ECC-9A0A-457EFC29BC20} = {4B5B094A-39C5-4ECC-9A0A-457EFC29BC20}
		{357C95AB-D89F-4C4A-A4F6-7E078DD5FD33} = {357C95AB-D89F-4C4A-A4F6-7E078DD5FD33}
	EndProjectSection
EndProject
Project("{CC5FD16D-436D-48AD-A40C-5A424C6E3E79}") = "Emulator", "Emulator\Emulator.ccproj", "{C51D1C5E-F125-46C4-92BB-DA1E1408F99E}"
EndProject
Project("{FAE04EC0-301F-11D3-BF4B-00C04F79EFBC}") = "WCFServiceWebRole1", "WCFServiceWebRole1\WCFServiceWebRole1.csproj", "{79D11827-B34B-48B8-8E1A-AC027A173D0E}"
EndProject
Project("{FAE04EC0-301F-11D3-BF4B-00C04F79EFBC}") = "GerenciamentoProduto", "GerenciamentoProduto\GerenciamentoProduto.csproj", "{4B5B094A-39C5-4ECC-9A0A-457EFC29BC20}"
EndProject
Project("{FAE04EC0-301F-11D3-BF4B-00C04F79EFBC}") = "Loja.Web", "Loja.Web\Loja.Web.csproj", "{2B002B8C-8D80-4D9A-B099-9FE31E2F7634}"
	ProjectSection(ProjectDependencies) = postProject
		{4B5B094A-39C5-4ECC-9A0A-457EFC29BC20} = {4B5B094A-39C5-4ECC-9A0A-457EFC29BC20}
		{357C95AB-D89F-4C4A-A4F6-7E078DD5FD33} = {357C95AB-D89F-4C4A-A4F6-7E078DD5FD33}
	EndProjectSection
EndProject
Global
	GlobalSection(SolutionConfigurationPlatforms) = preSolution
		Debug|Any CPU = Debug|Any CPU
		Release|Any CPU = Release|Any CPU
	EndGlobalSection
	GlobalSection(ProjectConfigurationPlatforms) = postSolution
		{6B93AEB0-EEAA-4205-9A2E-B9C53058000B}.Debug|Any CPU.ActiveCfg = Debug|Any CPU
		{6B93AEB0-EEAA-4205-9A2E-B9C53058000B}.Debug|Any CPU.Build.0 = Debug|Any CPU
		{6B93AEB0-EEAA-4205-9A2E-B9C53058000B}.Release|Any CPU.ActiveCfg = Release|Any CPU
		{6B93AEB0-EEAA-4205-9A2E-B9C53058000B}.Release|Any CPU.Build.0 = Release|Any CPU
		{357C95AB-D89F-4C4A-A4F6-7E078DD5FD33}.Debug|Any CPU.ActiveCfg = Debug|Any CPU
		{357C95AB-D89F-4C4A-A4F6-7E078DD5FD33}.Debug|Any CPU.Build.0 = Debug|Any CPU
		{357C95AB-D89F-4C4A-A4F6-7E078DD5FD33}.Release|Any CPU.ActiveCfg = Release|Any CPU
		{357C95AB-D89F-4C4A-A4F6-7E078DD5FD33}.Release|Any CPU.Build.0 = Release|Any CPU
		{0A616B52-D02A-4D22-B4A3-5D5B17B6B6FC}.Debug|Any CPU.ActiveCfg = Debug|Any CPU
		{0A616B52-D02A-4D22-B4A3-5D5B17B6B6FC}.Debug|Any CPU.Build.0 = Debug|Any CPU
		{0A616B52-D02A-4D22-B4A3-5D5B17B6B6FC}.Release|Any CPU.ActiveCfg = Release|Any CPU
		{0A616B52-D02A-4D22-B4A3-5D5B17B6B6FC}.Release|Any CPU.Build.0 = Release|Any CPU
		{034BC0EF-082D-4911-9E66-2B3AE78B61DC}.Debug|Any CPU.ActiveCfg = Debug|Any CPU
		{034BC0EF-082D-4911-9E66-2B3AE78B61DC}.Debug|Any CPU.Build.0 = Debug|Any CPU
		{034BC0EF-082D-4911-9E66-2B3AE78B61DC}.Release|Any CPU.ActiveCfg = Release|Any CPU
		{034BC0EF-082D-4911-9E66-2B3AE78B61DC}.Release|Any CPU.Build.0 = Release|Any CPU
		{9D17871B-2168-48AF-893D-359B253F8AD1}.Debug|Any CPU.ActiveCfg = Debug|Any CPU
		{9D17871B-2168-48AF-893D-359B253F8AD1}.Debug|Any CPU.Build.0 = Debug|Any CPU
		{9D17871B-2168-48AF-893D-359B253F8AD1}.Release|Any CPU.ActiveCfg = Release|Any CPU
		{9D17871B-2168-48AF-893D-359B253F8AD1}.Release|Any CPU.Build.0 = Release|Any CPU
		{4667D1BC-F4AD-447F-94E8-A387ED6CF033}.Debug|Any CPU.ActiveCfg = Debug|Any CPU
		{4667D1BC-F4AD-447F-94E8-A387ED6CF033}.Debug|Any CPU.Build.0 = Debug|Any CPU
		{4667D1BC-F4AD-447F-94E8-A387ED6CF033}.Release|Any CPU.ActiveCfg = Release|Any CPU
		{4667D1BC-F4AD-447F-94E8-A387ED6CF033}.Release|Any CPU.Build.0 = Release|Any CPU
		{C51D1C5E-F125-46C4-92BB-DA1E1408F99E}.Debug|Any CPU.ActiveCfg = Debug|Any CPU
		{C51D1C5E-F125-46C4-92BB-DA1E1408F99E}.Debug|Any CPU.Build.0 = Debug|Any CPU
		{C51D1C5E-F125-46C4-92BB-DA1E1408F99E}.Release|Any CPU.ActiveCfg = Release|Any CPU
		{C51D1C5E-F125-46C4-92BB-DA1E1408F99E}.Release|Any CPU.Build.0 = Release|Any CPU
		{79D11827-B34B-48B8-8E1A-AC027A173D0E}.Debug|Any CPU.ActiveCfg = Debug|Any CPU
		{79D11827-B34B-48B8-8E1A-AC027A173D0E}.Debug|Any CPU.Build.0 = Debug|Any CPU
		{79D11827-B34B-48B8-8E1A-AC027A173D0E}.Release|Any CPU.ActiveCfg = Release|Any CPU
		{79D11827-B34B-48B8-8E1A-AC027A173D0E}.Release|Any CPU.Build.0 = Release|Any CPU
		{4B5B094A-39C5-4ECC-9A0A-457EFC29BC20}.Debug|Any CPU.ActiveCfg = Debug|Any CPU
		{4B5B094A-39C5-4ECC-9A0A-457EFC29BC20}.Debug|Any CPU.Build.0 = Debug|Any CPU
		{4B5B094A-39C5-4ECC-9A0A-457EFC29BC20}.Release|Any CPU.ActiveCfg = Release|Any CPU
		{4B5B094A-39C5-4ECC-9A0A-457EFC29BC20}.Release|Any CPU.Build.0 = Release|Any CPU
		{2B002B8C-8D80-4D9A-B099-9FE31E2F7634}.Debug|Any CPU.ActiveCfg = Debug|Any CPU
		{2B002B8C-8D80-4D9A-B099-9FE31E2F7634}.Debug|Any CPU.Build.0 = Debug|Any CPU
		{2B002B8C-8D80-4D9A-B099-9FE31E2F7634}.Release|Any CPU.ActiveCfg = Release|Any CPU
		{2B002B8C-8D80-4D9A-B099-9FE31E2F7634}.Release|Any CPU.Build.0 = Release|Any CPU
	EndGlobalSection
	GlobalSection(SolutionProperties) = preSolution
		HideSolutionNode = FALSE
	EndGlobalSection
EndGlobal
